
Microsoft Visual Studio Solution File, Format Version 12.00
# Visual Studio Version 17
VisualStudioVersion = 17.14.36623.8
MinimumVisualStudioVersion = 10.0.40219.1
Project("{FAE04EC0-301F-11D3-BF4B-00C04F79EFBC}") = "Market.WPF", "dbUserInterfacWPF\Market.WPF.csproj", "{18E5AE52-541E-420D-BB50-1D7F268CFAC9}"
EndProject
Project("{FAE04EC0-301F-11D3-BF4B-00C04F79EFBC}") = "Market.BusinessModel", "Market.BusinessModel\Market.BusinessModel.csproj", "{8B5561CA-E0E8-4A2E-B6E6-EBA5AF975393}"
EndProject
Project("{FAE04EC0-301F-11D3-BF4B-00C04F79EFBC}") = "Market.BusinessModel.Internal", "Market.BusinessModel.Internal\Market.BusinessModel.Internal.csproj", "{3601BC70-3490-4ACE-92C3-9753B7CF51F9}"
EndProject
Project("{FAE04EC0-301F-11D3-BF4B-00C04F79EFBC}") = "Market.DataAccess", "Market.DataAccess\Market.DataAccess.csproj", "{581DA127-B81F-456B-9CD3-B1D83F366957}"
EndProject
Project("{FAE04EC0-301F-11D3-BF4B-00C04F79EFBC}") = "Market.ConsoleVisualInterface", "Market.ConsoleVisualInterface\Market.ConsoleVisualInterface.csproj", "{695E38BD-6946-4E06-B242-C50DC72C7920}"
EndProject
Project("{FAE04EC0-301F-11D3-BF4B-00C04F79EFBC}") = "Market.WindowsForm", "Market.WindowsForm\Market.WindowsForm.csproj", "{362832F2-6E21-4C94-84C8-966EC50F5CD0}"
EndProject
Global
	GlobalSection(SolutionConfigurationPlatforms) = preSolution
		Debug|Any CPU = Debug|Any CPU
		Release|Any CPU = Release|Any CPU
	EndGlobalSection
	GlobalSection(ProjectConfigurationPlatforms) = postSolution
		{18E5AE52-541E-420D-BB50-1D7F268CFAC9}.Debug|Any CPU.ActiveCfg = Debug|Any CPU
		{18E5AE52-541E-420D-BB50-1D7F268CFAC9}.Debug|Any CPU.Build.0 = Debug|Any CPU
		{18E5AE52-541E-420D-BB50-1D7F268CFAC9}.Release|Any CPU.ActiveCfg = Release|Any CPU
		{18E5AE52-541E-420D-BB50-1D7F268CFAC9}.Release|Any CPU.Build.0 = Release|Any CPU
		{8B5561CA-E0E8-4A2E-B6E6-EBA5AF975393}.Debug|Any CPU.ActiveCfg = Debug|Any CPU
		{8B5561CA-E0E8-4A2E-B6E6-EBA5AF975393}.Debug|Any CPU.Build.0 = Debug|Any CPU
		{8B5561CA-E0E8-4A2E-B6E6-EBA5AF975393}.Release|Any CPU.ActiveCfg = Release|Any CPU
		{8B5561CA-E0E8-4A2E-B6E6-EBA5AF975393}.Release|Any CPU.Build.0 = Release|Any CPU
		{3601BC70-3490-4ACE-92C3-9753B7CF51F9}.Debug|Any CPU.ActiveCfg = Debug|Any CPU
		{3601BC70-3490-4ACE-92C3-9753B7CF51F9}.Debug|Any CPU.Build.0 = Debug|Any CPU
		{3601BC70-3490-4ACE-92C3-9753B7CF51F9}.Release|Any CPU.ActiveCfg = Release|Any CPU
		{3601BC70-3490-4ACE-92C3-9753B7CF51F9}.Release|Any CPU.Build.0 = Release|Any CPU
		{581DA127-B81F-456B-9CD3-B1D83F366957}.Debug|Any CPU.ActiveCfg = Debug|Any CPU
		{581DA127-B81F-456B-9CD3-B1D83F366957}.Debug|Any CPU.Build.0 = Debug|Any CPU
		{581DA127-B81F-456B-9CD3-B1D83F366957}.Release|Any CPU.ActiveCfg = Release|Any CPU
		{581DA127-B81F-456B-9CD3-B1D83F366957}.Release|Any CPU.Build.0 = Release|Any CPU
		{695E38BD-6946-4E06-B242-C50DC72C7920}.Debug|Any CPU.ActiveCfg = Debug|Any CPU
		{695E38BD-6946-4E06-B242-C50DC72C7920}.Debug|Any CPU.Build.0 = Debug|Any CPU
		{695E38BD-6946-4E06-B242-C50DC72C7920}.Release|Any CPU.ActiveCfg = Release|Any CPU
		{695E38BD-6946-4E06-B242-C50DC72C7920}.Release|Any CPU.Build.0 = Release|Any CPU
		{362832F2-6E21-4C94-84C8-966EC50F5CD0}.Debug|Any CPU.ActiveCfg = Debug|Any CPU
		{362832F2-6E21-4C94-84C8-966EC50F5CD0}.Debug|Any CPU.Build.0 = Debug|Any CPU
		{362832F2-6E21-4C94-84C8-966EC50F5CD0}.Release|Any CPU.ActiveCfg = Release|Any CPU
		{362832F2-6E21-4C94-84C8-966EC50F5CD0}.Release|Any CPU.Build.0 = Release|Any CPU
	EndGlobalSection
	GlobalSection(SolutionProperties) = preSolution
		HideSolutionNode = FALSE
	EndGlobalSection
	GlobalSection(ExtensibilityGlobals) = postSolution
		SolutionGuid = {0BF32E4A-035C-4B92-8806-A4B1B2FEF091}
	EndGlobalSection
EndGlobal
